
Microsoft Visual Studio Solution File, Format Version 12.00
# Visual Studio Version 17
VisualStudioVersion = 17.5.33424.131
MinimumVisualStudioVersion = 10.0.40219.1
Project("{FAE04EC0-301F-11D3-BF4B-00C04F79EFBC}") = "MAPA", "MAPA\MAPA.csproj", "{EBB2E28F-A99B-40FD-9CAD-03B90C19C087}"
EndProject
Global
	GlobalSection(SolutionConfigurationPlatforms) = preSolution
		Debug|Any CPU = Debug|Any CPU
		Release|Any CPU = Release|Any CPU
	EndGlobalSection
	GlobalSection(ProjectConfigurationPlatforms) = postSolution
		{EBB2E28F-A99B-40FD-9CAD-03B90C19C087}.Debug|Any CPU.ActiveCfg = Debug|Any CPU
		{EBB2E28F-A99B-40FD-9CAD-03B90C19C087}.Debug|Any CPU.Build.0 = Debug|Any CPU
		{EBB2E28F-A99B-40FD-9CAD-03B90C19C087}.Release|Any CPU.ActiveCfg = Release|Any CPU
		{EBB2E28F-A99B-40FD-9CAD-03B90C19C087}.Release|Any CPU.Build.0 = Release|Any CPU
	EndGlobalSection
	GlobalSection(SolutionProperties) = preSolution
		HideSolutionNode = FALSE
	EndGlobalSection
	GlobalSection(ExtensibilityGlobals) = postSolution
		SolutionGuid = {EEBCAE2A-4D90-432C-81A5-E03D35BC946B}
	EndGlobalSection
EndGlobal
